{
  "name": "udpserver",
  "version": "1.0.0",
  "lockfileVersion": 2,
  "requires": true,
  "packages": {
    "": {
      "name": "udpserver",
      "version": "1.0.0",
      "license": "ISC",
      "dependencies": {
        "acc-node-wrapper": "^1.0.6"
      }
    },
    "node_modules/@fynnix/node-easy-ipc": {
      "version": "1.0.9",
      "resolved": "https://registry.npmjs.org/@fynnix/node-easy-ipc/-/node-easy-ipc-1.0.9.tgz",
      "integrity": "sha512-L0GZakxgshMHlVlxOHo+Z30Fpus0CpppV2pdoFaRtcpk6ohKJlxEIDYW+jXoSGcj7Kj1LjLZKckrkkjDB7rzuA==",
      "hasInstallScript": true,
      "dependencies": {
        "node-addon-api": "^3.1.0",
        "node-gyp-build": "^4.2.3"
      }
    },
    "node_modules/acc-node-wrapper": {
      "version": "1.0.6",
      "resolved": "https://registry.npmjs.org/acc-node-wrapper/-/acc-node-wrapper-1.0.6.tgz",
      "integrity": "sha512-mTAAvEWGDQp4ZLuBMUUIYr/e1OJ77wufIV7EtsjM1BAK/ax2JqSMha+ZFIss/xB2Jtt3kU+nlKGoL7qVikJ8WQ==",
      "dependencies": {
        "@fynnix/node-easy-ipc": "^1.0.8",
        "binutils": "^0.1.0",
        "moment": "^2.29.1",
        "utf8-bytes": "^0.0.1"
      }
    },
    "node_modules/binutils": {
      "version": "0.1.0",
      "resolved": "https://registry.npmjs.org/binutils/-/binutils-0.1.0.tgz",
      "integrity": "sha512-6vnIpay9qti6uAR5NzcII108p8KCAa/D7KQjgNwrZj4yGXA+k8a+nRbx5VUTTjX1nHmiHqOd++Sg0iJsRcU9vQ==",
      "engines": {
        "node": ">=0.10"
      }
    },
    "node_modules/moment": {
      "version": "2.29.3",
      "resolved": "https://registry.npmjs.org/moment/-/moment-2.29.3.tgz",
      "integrity": "sha512-c6YRvhEo//6T2Jz/vVtYzqBzwvPT95JBQ+smCytzf7c50oMZRsR/a4w88aD34I+/QVSfnoAnSBFPJHItlOMJVw==",
      "engines": {
        "node": "*"
      }
    },
    "node_modules/node-addon-api": {
      "version": "3.2.1",
      "resolved": "https://registry.npmjs.org/node-addon-api/-/node-addon-api-3.2.1.tgz",
      "integrity": "sha512-mmcei9JghVNDYydghQmeDX8KoAm0FAiYyIcUt/N4nhyAipB17pllZQDOJD2fotxABnt4Mdz+dKTO7eftLg4d0A=="
    },
    "node_modules/node-gyp-build": {
      "version": "4.5.0",
      "resolved": "https://registry.npmjs.org/node-gyp-build/-/node-gyp-build-4.5.0.tgz",
      "integrity": "sha512-2iGbaQBV+ITgCz76ZEjmhUKAKVf7xfY1sRl4UiKQspfZMH2h06SyhNsnSVy50cwkFQDGLyif6m/6uFXHkOZ6rg==",
      "bin": {
        "node-gyp-build": "bin.js",
        "node-gyp-build-optional": "optional.js",
        "node-gyp-build-test": "build-test.js"
      }
    },
    "node_modules/utf8-bytes": {
      "version": "0.0.1",
      "resolved": "https://registry.npmjs.org/utf8-bytes/-/utf8-bytes-0.0.1.tgz",
      "integrity": "sha512-GifWmJAx2qAXT+lZLhbkWhBsy7pr6xWHiPWlVToDiELdWgZwt4Ogjf9tlgvKuALzTFR/d+EPQQI9ogJV3957Jg=="
    }
  },
  "dependencies": {
    "@fynnix/node-easy-ipc": {
      "version": "1.0.9",
      "resolved": "https://registry.npmjs.org/@fynnix/node-easy-ipc/-/node-easy-ipc-1.0.9.tgz",
      "integrity": "sha512-L0GZakxgshMHlVlxOHo+Z30Fpus0CpppV2pdoFaRtcpk6ohKJlxEIDYW+jXoSGcj7Kj1LjLZKckrkkjDB7rzuA==",
      "requires": {
        "node-addon-api": "^3.1.0",
        "node-gyp-build": "^4.2.3"
      }
    },
    "acc-node-wrapper": {
      "version": "1.0.6",
      "resolved": "https://registry.npmjs.org/acc-node-wrapper/-/acc-node-wrapper-1.0.6.tgz",
      "integrity": "sha512-mTAAvEWGDQp4ZLuBMUUIYr/e1OJ77wufIV7EtsjM1BAK/ax2JqSMha+ZFIss/xB2Jtt3kU+nlKGoL7qVikJ8WQ==",
      "requires": {
        "@fynnix/node-easy-ipc": "^1.0.8",
        "binutils": "^0.1.0",
        "moment": "^2.29.1",
        "utf8-bytes": "^0.0.1"
      }
    },
    "binutils": {
      "version": "0.1.0",
      "resolved": "https://registry.npmjs.org/binutils/-/binutils-0.1.0.tgz",
      "integrity": "sha512-6vnIpay9qti6uAR5NzcII108p8KCAa/D7KQjgNwrZj4yGXA+k8a+nRbx5VUTTjX1nHmiHqOd++Sg0iJsRcU9vQ=="
    },
    "moment": {
      "version": "2.29.3",
      "resolved": "https://registry.npmjs.org/moment/-/moment-2.29.3.tgz",
      "integrity": "sha512-c6YRvhEo//6T2Jz/vVtYzqBzwvPT95JBQ+smCytzf7c50oMZRsR/a4w88aD34I+/QVSfnoAnSBFPJHItlOMJVw=="
    },
    "node-addon-api": {
      "version": "3.2.1",
      "resolved": "https://registry.npmjs.org/node-addon-api/-/node-addon-api-3.2.1.tgz",
      "integrity": "sha512-mmcei9JghVNDYydghQmeDX8KoAm0FAiYyIcUt/N4nhyAipB17pllZQDOJD2fotxABnt4Mdz+dKTO7eftLg4d0A=="
    },
    "node-gyp-build": {
      "version": "4.5.0",
      "resolved": "https://registry.npmjs.org/node-gyp-build/-/node-gyp-build-4.5.0.tgz",
      "integrity": "sha512-2iGbaQBV+ITgCz76ZEjmhUKAKVf7xfY1sRl4UiKQspfZMH2h06SyhNsnSVy50cwkFQDGLyif6m/6uFXHkOZ6rg=="
    },
    "utf8-bytes": {
      "version": "0.0.1",
      "resolved": "https://registry.npmjs.org/utf8-bytes/-/utf8-bytes-0.0.1.tgz",
      "integrity": "sha512-GifWmJAx2qAXT+lZLhbkWhBsy7pr6xWHiPWlVToDiELdWgZwt4Ogjf9tlgvKuALzTFR/d+EPQQI9ogJV3957Jg=="
    }
  }
}
